github.com/beorn7/perks v1.0.1 h1:VlbKKnNfV8bJzeqoa4cOKqO6bYr3WgKZxO8Z16+hsOM=
github.com/beorn7/perks v1.0.1/go.mod h1:G2ZrVWU2WbWT9wwq4/hrbKbnv/1ERSJQ0ibhJ6rlkpw=
github.com/cespare/xxhash/v2 v2.2.0 h1:DC2CZ1Ep5Y4k3ZQ899DldepgrayRUGE6BBZ/cd9Cj44=
github.com/cespare/xxhash/v2 v2.2.0/go.mod h1:VGX0DQ3Q6kWi7AoAeZDth3/j3BFtOZR5XLFGgcrjCOs=
github.com/davecgh/go-spew v1.1.1 h1:vj9j/u1bqnvCEfJOwUhtlOARqs3+rkHYY13jYWTU97c=
github.com/davecgh/go-spew v1.1.1/go.mod h1:J7Y8YcW2NihsgmVo/mv3lAwl/skON4iLHjSsI+c5H38=
github.com/fsnotify/fsnotify v1.7.0 h1:8JEhPFa5W2WU7Yfe3GFPdgTLHwtV4T5TZwAD66iUDP4=
github.com/fsnotify/fsnotify v1.7.0/go.mod h1:40Bi6kLN4C8tJMUHrcM4PqKMovdePERGnqoUGWoW6+4=
github.com/go-logfmt/logfmt v0.6.0 h1:wGYYu3uicAIFfj9+JRiPn8f/CH3tejvoWnGQjbJoV/0=
github.com/go-logfmt/logfmt v0.6.0/go.mod h1:WYhtI/8soAX2hsV7M7YAcidGD9VjhG1VatV11osW5VA=
github.com/go-logr/logr v1.4.1 h1:pKco/fIlQBXuYq5lGL Co7kSb0Q4WvDte8d9x7WdPkHY=
github.com/go-logr/logr v1.4.1/go.mod h1:9T104GzyrTigFIr8wt5mBrctHMim0Nb2HLGngQ40f1o=
github.com/go-sql-driver/mysql v1.7.1 h1:lUIinVbN1DY0xSQ0ZUQAigQ0C6kI5oTDRx0g8eJhmIQ=
github.com/go-sql-driver/mysql v1.7.1/go.mod h1:OXbVy3sPQcQ+hzDSDHMsgVUVJNLRXLXCYTLrunHgybI=
github.com/gojek/heimdall/v6 v6.1.0 h1:F+8KspRVSo0w5g3Y0o0X0J0Nbv4Qv3q4nDRza7zX0tk=
github.com/gojek/heimdall/v6 v6.1.0/go.mod h1:8gNag2xLvGFMk1gFjpM8TUNxMIvm8BFxjm1Et/8iQwI=
github.com/gojek/heimdall/v7 v7.0.2 h1:UyEMY8nYzdtNej5UbnO8Ox3u1UKMCTOmLDhP6jW48+4=
github.com/gojek/heimdall/v7 v7.0.2/go.mod h1:hLKYyAikqsDcbaifZmPuzvfwrQAWLfvlqQasS3Y36Aw=
github.com/gojek/hystrix-client-go v0.0.0-20210215054605-8377e11e8f5d h1:1S2zdG2R+0Ck1XPHPDDMJA3v7jF+hvW2u0uX+otqIro=
github.com/gojek/hystrix-client-go v0.0.0-20210215054605-8377e11e8f5d/go.mod h1:nX0idZZMmmD4RhG0nehnNXQboQFX9JVLRY0iXnbF9XM=
github.com/godror/godror v0.44.2 h1:/I5vZdHG7QJSLjDMLArT7nRso+2s2gRg7LVQ7A+CXwA=
github.com/godror/godror v0.44.2/go.mod h1:9XbTL3NxA9v6M8W8fT4qR5qLN9A6F4jW6TfnLCv7F0s=
github.com/golang/protobuf v1.5.3 h1:KhyjKVUg7Usr/dYsdSqoFveMYd5ko72D+zBCxidPwoQ=
github.com/golang/protobuf v1.5.3/go.mod h1:XVQd3VNwM+JqD3oG2Ue2ip4fOMUkwXdXDdiuN0vRsmY=
github.com/ibm/go_ibm_db v0.7.0 h1:REzB4Ar+nF2Ay0UHwY+4K4V6/6cQ2x2LH7QdKUtM4wk=
github.com/ibm/go_ibm_db v0.7.0/go.mod h1:EH7uXotFMllhBXX0Du2jeLYwXDohdY4o22D9eXhB5Jc=
github.com/juju/ratelimit v1.0.2 h1:2eOZOj+WlYi9QGchoKj0PdQ2DPWSPHzenOZ9eMMapio=
github.com/juju/ratelimit v1.0.2/go.mod h1:qabt9QHr7/mat9MU825+V8wuOOgXxBSY0Q2mzExpvmk=
github.com/pmezard/go-difflib v1.0.0 h1:4DBwDE0NGyQoBHbLQYPwSUPoCMWR5BEzIk/f1lZbAQM=
github.com/pmezard/go-difflib v1.0.0/go.mod h1:iKH77koFhYxTK1pcRnkKkqfTogsbg7gZNVY4sRDYZ/4=
github.com/prometheus/client_golang v1.19.0 h1:ygXvpU1AoN1MhdzYA3+boHwjiBldDFQfw5zj8fMGL/c=
github.com/prometheus/client_golang v1.19.0/go.mod h1:ZRM9uEAypZakd+q/x7+gmsvXdURP+DABagXHOO8S+ac=
github.com/sirupsen/logrus v1.9.3 h1:dueUQJ1C2q9oEfxvmcA2Mxi2un2rtHdeuCXgBJTIl5Y=
github.com/sirupsen/logrus v1.9.3/go.mod h1:naHLu9fOek+h9tFLZD0H4ZdX1tWXLg0qSi4X2yHBjW8=
github.com/stretchr/testify v1.8.4 h1:CcVxjf3Q8PM0mHUKJCdn+eZZtm5yQwehR5yeSVQQcUk=
github.com/stretchr/testify v1.8.4/go.mod h1:sz/lmYIOXD/1dqDmKjjqLyZ2RngseejIcXlSw2iwfAo=
golang.org/x/sys v0.15.0 h1:0A+wmaW1dL+md5hFZkR+zzM6 yLDsXoRgWjS+G7zAsk=
golang.org/x/sys v0.15.0/go.mod h1:/VUhepiaJMQrC1RY57joMNgaCrPzTa86AA3Iy8gAsDg=
google.golang.org/protobuf v1.32.0 h1:pPC6BG6z2CU7X6iPaMeMVR4C9Uuqk4ZtJPMkkuGjxXw=
google.golang.org/protobuf v1.32.0/go.mod h1:c6P6GXX6sHbq/GpV6MGZEdwhWPcYBgnhAHhK0VpS+ WEEK=
gopkg.in/yaml.v3 v3.0.1 h1:fxVm/GzAzEWqLHuvctI91KS9hhNmmWOoWu0XTYJS7CA=
gopkg.in/yaml.v3 v3.0.1/go.mod h1:K4uyk7z7BCEPqu6E+C64Yfv1cQ7kz7rIZviUmN+EgEM=